// !$*UTF8*$!
{
	archiveVersion = 1;
	classes = {
	};
	objectVersion = 46;
	objects = {

/* Begin PBXBuildFile section */
		C0CEE5B01BF94F7200A6FE8B /* AppDelegate.swift in Sources */ = {isa = PBXBuildFile; fileRef = C0CEE5AF1BF94F7200A6FE8B /* AppDelegate.swift */; };
		C0CEE5B21BF94F7200A6FE8B /* ViewController.swift in Sources */ = {isa = PBXBuildFile; fileRef = C0CEE5B11BF94F7200A6FE8B /* ViewController.swift */; };
		C0CEE5B51BF94F7200A6FE8B /* Main.storyboard in Resources */ = {isa = PBXBuildFile; fileRef = C0CEE5B31BF94F7200A6FE8B /* Main.storyboard */; };
		C0CEE5B71BF94F7200A6FE8B /* Assets.xcassets in Resources */ = {isa = PBXBuildFile; fileRef = C0CEE5B61BF94F7200A6FE8B /* Assets.xcassets */; };
		C0CEE5BA1BF94F7200A6FE8B /* LaunchScreen.storyboard in Resources */ = {isa = PBXBuildFile; fileRef = C0CEE5B81BF94F7200A6FE8B /* LaunchScreen.storyboard */; };
/* End PBXBuildFile section */

/* Begin PBXFileReference section */
		C0CEE5AC1BF94F7200A6FE8B /* DimiBap.app */ = {isa = PBXFileReference; explicitFileType = wrapper.application; includeInIndex = 0; path = DimiBap.app; sourceTree = BUILT_PRODUCTS_DIR; };
		C0CEE5AF1BF94F7200A6FE8B /* AppDelegate.swift */ = {isa = PBXFileReference; lastKnownFileType = sourcecode.swift; path = AppDelegate.swift; sourceTree = "<group>"; };
		C0CEE5B11BF94F7200A6FE8B /* ViewController.swift */ = {isa = PBXFileReference; lastKnownFileType = sourcecode.swift; path = ViewController.swift; sourceTree = "<group>"; };
		C0CEE5B41BF94F7200A6FE8B /* Base */ = {isa = PBXFileReference; lastKnownFileType = file.storyboard; name = Base; path = Base.lproj/Main.storyboard; sourceTree = "<group>"; };
		C0CEE5B61BF94F7200A6FE8B /* Assets.xcassets */ = {isa = PBXFileReference; lastKnownFileType = folder.assetcatalog; path = Assets.xcassets; sourceTree = "<group>"; };
		C0CEE5B91BF94F7200A6FE8B /* Base */ = {isa = PBXFileReference; lastKnownFileType = file.storyboard; name = Base; path = Base.lproj/LaunchScreen.storyboard; sourceTree = "<group>"; };
		C0CEE5BB1BF94F7200A6FE8B /* Info.plist */ = {isa = PBXFileReference; lastKnownFileType = text.plist.xml; path = Info.plist; sourceTree = "<group>"; };
/* End PBXFileReference section */

/* Begin PBXFrameworksBuildPhase section */
		C0CEE5A91BF94F7200A6FE8B /* Frameworks */ = {
			isa = PBXFrameworksBuildPhase;
			buildActionMask = 2147483647;
			files = (
			);
			runOnlyForDeploymentPostprocessing = 0;
		};
/* End PBXFrameworksBuildPhase section */

/* Begin PBXGroup section */
		C0CEE5A31BF94F7200A6FE8B = {
			isa = PBXGroup;
			children = (
				C0CEE5AE1BF94F7200A6FE8B /* DimiBap */,
				C0CEE5AD1BF94F7200A6FE8B /* Products */,
			);
			sourceTree = "<group>";
		};
		C0CEE5AD1BF94F7200A6FE8B /* Products */ = {
			isa = PBXGroup;
			children = (
				C0CEE5AC1BF94F7200A6FE8B /* DimiBap.app */,
			);
			name = Products;
			sourceTree = "<group>";
		};
		C0CEE5AE1BF94F7200A6FE8B /* DimiBap */ = {
			isa = PBXGroup;
			children = (
				C0CEE5AF1BF94F7200A6FE8B /* AppDelegate.swift */,
				C0CEE5B11BF94F7200A6FE8B /* ViewController.swift */,
				C0CEE5B31BF94F7200A6FE8B /* Main.storyboard */,
				C0CEE5B61BF94F7200A6FE8B /* Assets.xcassets */,
				C0CEE5B81BF94F7200A6FE8B /* LaunchScreen.storyboard */,
				C0CEE5BB1BF94F7200A6FE8B /* Info.plist */,
			);
			path = DimiBap;
			sourceTree = "<group>";
		};
/* End PBXGroup section */

/* Begin PBXNativeTarget section */
		C0CEE5AB1BF94F7200A6FE8B /* DimiBap */ = {
			isa = PBXNativeTarget;
			buildConfigurationList = C0CEE5BE1BF94F7200A6FE8B /* Build configuration list for PBXNativeTarget "DimiBap" */;
			buildPhases = (
				C0CEE5A81BF94F7200A6FE8B /* Sources */,
				C0CEE5A91BF94F7200A6FE8B /* Frameworks */,
				C0CEE5AA1BF94F7200A6FE8B /* Resources */,
			);
			buildRules = (
			);
			dependencies = (
			);
			name = DimiBap;
			productName = DimiBap;
			productReference = C0CEE5AC1BF94F7200A6FE8B /* DimiBap.app */;
			productType = "com.apple.product-type.application";
		};
/* End PBXNativeTarget section */

/* Begin PBXProject section */
		C0CEE5A41BF94F7200A6FE8B /* Project object */ = {
			isa = PBXProject;
			attributes = {
				LastSwiftUpdateCheck = 0710;
				LastUpgradeCheck = 0710;
				ORGANIZATIONNAME = "Hoseong Son";
				TargetAttributes = {
					C0CEE5AB1BF94F7200A6FE8B = {
						CreatedOnToolsVersion = 7.1;
						DevelopmentTeam = 8C56TD2TR9;
					};
				};
			};
			buildConfigurationList = C0CEE5A71BF94F7200A6FE8B /* Build configuration list for PBXProject "DimiBap" */;
			compatibilityVersion = "Xcode 3.2";
			developmentRegion = English;
			hasScannedForEncodings = 0;
			knownRegions = (
				en,
				Base,
			);
			mainGroup = C0CEE5A31BF94F7200A6FE8B;
			productRefGroup = C0CEE5AD1BF94F7200A6FE8B /* Products */;
			projectDirPath = "";
			projectRoot = "";
			targets = (
				C0CEE5AB1BF94F7200A6FE8B /* DimiBap */,
			);
		};
/* End PBXProject section */

/* Begin PBXResourcesBuildPhase section */
		C0CEE5AA1BF94F7200A6FE8B /* Resources */ = {
			isa = PBXResourcesBuildPhase;
			buildActionMask = 2147483647;
			files = (
				C0CEE5BA1BF94F7200A6FE8B /* LaunchScreen.storyboard in Resources */,
				C0CEE5B71BF94F7200A6FE8B /* Assets.xcassets in Resources */,
				C0CEE5B51BF94F7200A6FE8B /* Main.storyboard in Resources */,
			);
			runOnlyForDeploymentPostprocessing = 0;
		};
/* End PBXResourcesBuildPhase section */

/* Begin PBXSourcesBuildPhase section */
		C0CEE5A81BF94F7200A6FE8B /* Sources */ = {
			isa = PBXSourcesBuildPhase;
			buildActionMask = 2147483647;
			files = (
				C0CEE5B21BF94F7200A6FE8B /* ViewController.swift in Sources */,
				C0CEE5B01BF94F7200A6FE8B /* AppDelegate.swift in Sources */,
			);
			runOnlyForDeploymentPostprocessing = 0;
		};
/* End PBXSourcesBuildPhase section */

/* Begin PBXVariantGroup section */
		C0CEE5B31BF94F7200A6FE8B /* Main.storyboard */ = {
			isa = PBXVariantGroup;
			children = (
				C0CEE5B41BF94F7200A6FE8B /* Base */,
			);
			name = Main.storyboard;
			sourceTree = "<group>";
		};
		C0CEE5B81BF94F7200A6FE8B /* LaunchScreen.storyboard */ = {
			isa = PBXVariantGroup;
			children = (
				C0CEE5B91BF94F7200A6FE8B /* Base */,
			);
			name = LaunchScreen.storyboard;
			sourceTree = "<group>";
		};
/* End PBXVariantGroup section */

/* Begin XCBuildConfiguration section */
		C0CEE5BC1BF94F7200A6FE8B /* Debug */ = {
			isa = XCBuildConfiguration;
			buildSettings = {
				ALWAYS_SEARCH_USER_PATHS = NO;
				CLANG_CXX_LANGUAGE_STANDARD = "gnu++0x";
				CLANG_CXX_LIBRARY = "libc++";
				CLANG_ENABLE_MODULES = YES;
				CLANG_ENABLE_OBJC_ARC = YES;
				CLANG_WARN_BOOL_CONVERSION = YES;
				CLANG_WARN_CONSTANT_CONVERSION = YES;
				CLANG_WARN_DIRECT_OBJC_ISA_USAGE = YES_ERROR;
				CLANG_WARN_EMPTY_BODY = YES;
				CLANG_WARN_ENUM_CONVERSION = YES;
				CLANG_WARN_INT_CONVERSION = YES;
				CLANG_WARN_OBJC_ROOT_CLASS = YES_ERROR;
				CLANG_WARN_UNREACHABLE_CODE = YES;
				CLANG_WARN__DUPLICATE_METHOD_MATCH = YES;
				"CODE_SIGN_IDENTITY[sdk=iphoneos*]" = "iPhone Developer";
				COPY_PHASE_STRIP = NO;
				DEBUG_INFORMATION_FORMAT = dwarf;
				ENABLE_STRICT_OBJC_MSGSEND = YES;
				ENABLE_TESTABILITY = YES;
				GCC_C_LANGUAGE_STANDARD = gnu99;
				GCC_DYNAMIC_NO_PIC = NO;
				GCC_NO_COMMON_BLOCKS = YES;
				GCC_OPTIMIZATION_LEVEL = 0;
				GCC_PREPROCESSOR_DEFINITIONS = (
					"DEBUG=1",
					"$(inherited)",
				);
				GCC_WARN_64_TO_32_BIT_CONVERSION = YES;
				GCC_WARN_ABOUT_RETURN_TYPE = YES_ERROR;
				GCC_WARN_UNDECLARED_SELECTOR = YES;
				GCC_WARN_UNINITIALIZED_AUTOS = YES_AGGRESSIVE;
				GCC_WARN_UNUSED_FUNCTION = YES;
				GCC_WARN_UNUSED_VARIABLE = YES;
				IPHONEOS_DEPLOYMENT_TARGET = 9.1;
				MTL_ENABLE_DEBUG_INFO = YES;
				ONLY_ACTIVE_ARCH = YES;
				SDKROOT = iphoneos;
				SWIFT_OPTIMIZATION_LEVEL = "-Onone";
			};
			name = Debug;
		};
		C0CEE5BD1BF94F7200A6FE8B /* Release */ = {
			isa = XCBuildConfiguration;
			buildSettings = {
				ALWAYS_SEARCH_USER_PATHS = NO;
				CLANG_CXX_LANGUAGE_STANDARD = "gnu++0x";
				CLANG_CXX_LIBRARY = "libc++";
				CLANG_ENABLE_MODULES = YES;
				CLANG_ENABLE_OBJC_ARC = YES;
				CLANG_WARN_BOOL_CONVERSION = YES;
				CLANG_WARN_CONSTANT_CONVERSION = YES;
				CLANG_WARN_DIRECT_OBJC_ISA_USAGE = YES_ERROR;
				CLANG_WARN_EMPTY_BODY = YES;
				CLANG_WARN_ENUM_CONVERSION = YES;
				CLANG_WARN_INT_CONVERSION = YES;
				CLANG_WARN_OBJC_ROOT_CLASS = YES_ERROR;
				CLANG_WARN_UNREACHABLE_CODE = YES;
				CLANG_WARN__DUPLICATE_METHOD_MATCH = YES;
				"CODE_SIGN_IDENTITY[sdk=iphoneos*]" = "iPhone Developer";
				COPY_PHASE_STRIP = NO;
				DEBUG_INFORMATION_FORMAT = "dwarf-with-dsym";
				ENABLE_NS_ASSERTIONS = NO;
				ENABLE_STRICT_OBJC_MSGSEND = YES;
				GCC_C_LANGUAGE_STANDARD = gnu99;
				GCC_NO_COMMON_BLOCKS = YES;
				GCC_WARN_64_TO_32_BIT_CONVERSION = YES;
				GCC_WARN_ABOUT_RETURN_TYPE = YES_ERROR;
				GCC_WARN_UNDECLARED_SELECTOR = YES;
				GCC_WARN_UNINITIALIZED_AUTOS = YES_AGGRESSIVE;
				GCC_WARN_UNUSED_FUNCTION = YES;
				GCC_WARN_UNUSED_VARIABLE = YES;
				IPHONEOS_DEPLOYMENT_TARGET = 9.1;
				MTL_ENABLE_DEBUG_INFO = NO;
				SDKROOT = iphoneos;
				VALIDATE_PRODUCT = YES;
			};
			name = Release;
		};
		C0CEE5BF1BF94F7200A6FE8B /* Debug */ = {
			isa = XCBuildConfiguration;
			buildSettings = {
				ASSETCATALOG_COMPILER_APPICON_NAME = AppIcon;
				INFOPLIST_FILE = DimiBap/Info.plist;
				LD_RUNPATH_SEARCH_PATHS = "$(inherited) @executable_path/Frameworks";
				PRODUCT_BUNDLE_IDENTIFIER = com.sookcha.DimiBap;
				PRODUCT_NAME = "$(TARGET_NAME)";
			};
			name = Debug;
		};
		C0CEE5C01BF94F7200A6FE8B /* Release */ = {
			isa = XCBuildConfiguration;
			buildSettings = {
				ASSETCATALOG_COMPILER_APPICON_NAME = AppIcon;
				INFOPLIST_FILE = DimiBap/Info.plist;
				LD_RUNPATH_SEARCH_PATHS = "$(inherited) @executable_path/Frameworks";
				PRODUCT_BUNDLE_IDENTIFIER = com.sookcha.DimiBap;
				PRODUCT_NAME = "$(TARGET_NAME)";
			};
			name = Release;
		};
/* End XCBuildConfiguration section */

/* Begin XCConfigurationList section */
		C0CEE5A71BF94F7200A6FE8B /* Build configuration list for PBXProject "DimiBap" */ = {
			isa = XCConfigurationList;
			buildConfigurations = (
				C0CEE5BC1BF94F7200A6FE8B /* Debug */,
				C0CEE5BD1BF94F7200A6FE8B /* Release */,
			);
			defaultConfigurationIsVisible = 0;
			defaultConfigurationName = Release;
		};
		C0CEE5BE1BF94F7200A6FE8B /* Build configuration list for PBXNativeTarget "DimiBap" */ = {
			isa = XCConfigurationList;
			buildConfigurations = (
				C0CEE5BF1BF94F7200A6FE8B /* Debug */,
				C0CEE5C01BF94F7200A6FE8B /* Release */,
			);
			defaultConfigurationIsVisible = 0;
		};
/* End XCConfigurationList section */
	};
	rootObject = C0CEE5A41BF94F7200A6FE8B /* Project object */;
}
